{
  "nodes": {
    "nixCats": {
      "locked": {
        "lastModified": 1740442327,
        "narHash": "sha256-2p1UIb2YVOIqL4kruVtCTHCdRU3sBk5vUh/zVC4bc8g=",
        "owner": "BirdeeHub",
        "repo": "nixCats-nvim",
        "rev": "2a9d2a7307ddd1d66e332fbf1680950f069ff104",
        "type": "github"
      },
      "original": {
        "owner": "BirdeeHub",
        "repo": "nixCats-nvim",
        "type": "github"
      }
    },
    "nixpkgs": {
      "locked": {
        "lastModified": 1740396192,
        "narHash": "sha256-ATMHHrg3sG1KgpQA5x8I+zcYpp5Sf17FaFj/fN+8OoQ=",
        "owner": "nixos",
        "repo": "nixpkgs",
        "rev": "d9b69c3ec2a2e2e971c534065bdd53374bd68b97",
        "type": "github"
      },
      "original": {
        "owner": "nixos",
        "ref": "nixpkgs-unstable",
        "repo": "nixpkgs",
        "type": "github"
      }
    },
    "root": {
      "inputs": {
        "nixCats": "nixCats",
        "nixpkgs": "nixpkgs"
      }
    }
  },
  "root": "root",
  "version": 7
}
