{
  "nodes": {
    "nixCats": {
      "locked": {
        "lastModified": 1744750985,
        "narHash": "sha256-VKM5v+N81m/DSh2bGniDucTIWOr3g/XfaFnc1lGRxe8=",
        "owner": "BirdeeHub",
        "repo": "nixCats-nvim",
        "rev": "3867fbc32e446b5254583fb495b2f3dd5057a842",
        "type": "github"
      },
      "original": {
        "owner": "BirdeeHub",
        "repo": "nixCats-nvim",
        "type": "github"
      }
    },
    "nixpkgs": {
      "locked": {
        "lastModified": 1744536153,
        "narHash": "sha256-awS2zRgF4uTwrOKwwiJcByDzDOdo3Q1rPZbiHQg/N38=",
        "owner": "nixos",
        "repo": "nixpkgs",
        "rev": "18dd725c29603f582cf1900e0d25f9f1063dbf11",
        "type": "github"
      },
      "original": {
        "owner": "nixos",
        "ref": "nixpkgs-unstable",
        "repo": "nixpkgs",
        "type": "github"
      }
    },
    "root": {
      "inputs": {
        "nixCats": "nixCats",
        "nixpkgs": "nixpkgs"
      }
    }
  },
  "root": "root",
  "version": 7
}
